// !$*UTF8*$!
{
	archiveVersion = 1;
	classes = {
	};
	objectVersion = 77;
	objects = {

/* Begin PBXContainerItemProxy section */
		91BCBF312CD94CC9009F117B /* PBXContainerItemProxy */ = {
			isa = PBXContainerItemProxy;
			containerPortal = 91BCBF182CD94CC7009F117B /* Project object */;
			proxyType = 1;
			remoteGlobalIDString = 91BCBF1F2CD94CC7009F117B;
			remoteInfo = REVERSI;
		};
		91BCBF3B2CD94CC9009F117B /* PBXContainerItemProxy */ = {
			isa = PBXContainerItemProxy;
			containerPortal = 91BCBF182CD94CC7009F117B /* Project object */;
			proxyType = 1;
			remoteGlobalIDString = 91BCBF1F2CD94CC7009F117B;
			remoteInfo = REVERSI;
		};
/* End PBXContainerItemProxy section */

/* Begin PBXFileReference section */
		91BCBF202CD94CC7009F117B /* REVERSI.app */ = {isa = PBXFileReference; explicitFileType = wrapper.application; includeInIndex = 0; path = REVERSI.app; sourceTree = BUILT_PRODUCTS_DIR; };
		91BCBF302CD94CC9009F117B /* REVERSITests.xctest */ = {isa = PBXFileReference; explicitFileType = wrapper.cfbundle; includeInIndex = 0; path = REVERSITests.xctest; sourceTree = BUILT_PRODUCTS_DIR; };
		91BCBF3A2CD94CC9009F117B /* REVERSIUITests.xctest */ = {isa = PBXFileReference; explicitFileType = wrapper.cfbundle; includeInIndex = 0; path = REVERSIUITests.xctest; sourceTree = BUILT_PRODUCTS_DIR; };
/* End PBXFileReference section */

/* Begin PBXFileSystemSynchronizedRootGroup section */
		91BCBF222CD94CC7009F117B /* REVERSI */ = {
			isa = PBXFileSystemSynchronizedRootGroup;
			path = REVERSI;
			sourceTree = "<group>";
		};
		91BCBF332CD94CC9009F117B /* REVERSITests */ = {
			isa = PBXFileSystemSynchronizedRootGroup;
			path = REVERSITests;
			sourceTree = "<group>";
		};
		91BCBF3D2CD94CC9009F117B /* REVERSIUITests */ = {
			isa = PBXFileSystemSynchronizedRootGroup;
			path = REVERSIUITests;
			sourceTree = "<group>";
		};
/* End PBXFileSystemSynchronizedRootGroup section */

/* Begin PBXFrameworksBuildPhase section */
		91BCBF1D2CD94CC7009F117B /* Frameworks */ = {
			isa = PBXFrameworksBuildPhase;
			buildActionMask = 2147483647;
			files = (
			);
			runOnlyForDeploymentPostprocessing = 0;
		};
		91BCBF2D2CD94CC9009F117B /* Frameworks */ = {
			isa = PBXFrameworksBuildPhase;
			buildActionMask = 2147483647;
			files = (
			);
			runOnlyForDeploymentPostprocessing = 0;
		};
		91BCBF372CD94CC9009F117B /* Frameworks */ = {
			isa = PBXFrameworksBuildPhase;
			buildActionMask = 2147483647;
			files = (
			);
			runOnlyForDeploymentPostprocessing = 0;
		};
/* End PBXFrameworksBuildPhase section */

/* Begin PBXGroup section */
		91BCBF172CD94CC7009F117B = {
			isa = PBXGroup;
			children = (
				91BCBF222CD94CC7009F117B /* REVERSI */,
				91BCBF332CD94CC9009F117B /* REVERSITests */,
				91BCBF3D2CD94CC9009F117B /* REVERSIUITests */,
				91BCBF212CD94CC7009F117B /* Products */,
			);
			sourceTree = "<group>";
		};
		91BCBF212CD94CC7009F117B /* Products */ = {
			isa = PBXGroup;
			children = (
				91BCBF202CD94CC7009F117B /* REVERSI.app */,
				91BCBF302CD94CC9009F117B /* REVERSITests.xctest */,
				91BCBF3A2CD94CC9009F117B /* REVERSIUITests.xctest */,
			);
			name = Products;
			sourceTree = "<group>";
		};
/* End PBXGroup section */

/* Begin PBXNativeTarget section */
		91BCBF1F2CD94CC7009F117B /* REVERSI */ = {
			isa = PBXNativeTarget;
			buildConfigurationList = 91BCBF442CD94CC9009F117B /* Build configuration list for PBXNativeTarget "REVERSI" */;
			buildPhases = (
				91BCBF1C2CD94CC7009F117B /* Sources */,
				91BCBF1D2CD94CC7009F117B /* Frameworks */,
				91BCBF1E2CD94CC7009F117B /* Resources */,
			);
			buildRules = (
			);
			dependencies = (
			);
			fileSystemSynchronizedGroups = (
				91BCBF222CD94CC7009F117B /* REVERSI */,
			);
			name = REVERSI;
			packageProductDependencies = (
			);
			productName = REVERSI;
			productReference = 91BCBF202CD94CC7009F117B /* REVERSI.app */;
			productType = "com.apple.product-type.application";
		};
		91BCBF2F2CD94CC9009F117B /* REVERSITests */ = {
			isa = PBXNativeTarget;
			buildConfigurationList = 91BCBF472CD94CC9009F117B /* Build configuration list for PBXNativeTarget "REVERSITests" */;
			buildPhases = (
				91BCBF2C2CD94CC9009F117B /* Sources */,
				91BCBF2D2CD94CC9009F117B /* Frameworks */,
				91BCBF2E2CD94CC9009F117B /* Resources */,
			);
			buildRules = (
			);
			dependencies = (
				91BCBF322CD94CC9009F117B /* PBXTargetDependency */,
			);
			fileSystemSynchronizedGroups = (
				91BCBF332CD94CC9009F117B /* REVERSITests */,
			);
			name = REVERSITests;
			packageProductDependencies = (
			);
			productName = REVERSITests;
			productReference = 91BCBF302CD94CC9009F117B /* REVERSITests.xctest */;
			productType = "com.apple.product-type.bundle.unit-test";
		};
		91BCBF392CD94CC9009F117B /* REVERSIUITests */ = {
			isa = PBXNativeTarget;
			buildConfigurationList = 91BCBF4A2CD94CC9009F117B /* Build configuration list for PBXNativeTarget "REVERSIUITests" */;
			buildPhases = (
				91BCBF362CD94CC9009F117B /* Sources */,
				91BCBF372CD94CC9009F117B /* Frameworks */,
				91BCBF382CD94CC9009F117B /* Resources */,
			);
			buildRules = (
			);
			dependencies = (
				91BCBF3C2CD94CC9009F117B /* PBXTargetDependency */,
			);
			fileSystemSynchronizedGroups = (
				91BCBF3D2CD94CC9009F117B /* REVERSIUITests */,
			);
			name = REVERSIUITests;
			packageProductDependencies = (
			);
			productName = REVERSIUITests;
			productReference = 91BCBF3A2CD94CC9009F117B /* REVERSIUITests.xctest */;
			productType = "com.apple.product-type.bundle.ui-testing";
		};
/* End PBXNativeTarget section */

/* Begin PBXProject section */
		91BCBF182CD94CC7009F117B /* Project object */ = {
			isa = PBXProject;
			attributes = {
				BuildIndependentTargetsInParallel = 1;
				LastSwiftUpdateCheck = 1600;
				LastUpgradeCheck = 1600;
				TargetAttributes = {
					91BCBF1F2CD94CC7009F117B = {
						CreatedOnToolsVersion = 16.0;
					};
					91BCBF2F2CD94CC9009F117B = {
						CreatedOnToolsVersion = 16.0;
						TestTargetID = 91BCBF1F2CD94CC7009F117B;
					};
					91BCBF392CD94CC9009F117B = {
						CreatedOnToolsVersion = 16.0;
						TestTargetID = 91BCBF1F2CD94CC7009F117B;
					};
				};
			};
			buildConfigurationList = 91BCBF1B2CD94CC7009F117B /* Build configuration list for PBXProject "REVERSI" */;
			developmentRegion = en;
			hasScannedForEncodings = 0;
			knownRegions = (
				en,
				Base,
			);
			mainGroup = 91BCBF172CD94CC7009F117B;
			minimizedProjectReferenceProxies = 1;
			preferredProjectObjectVersion = 77;
			productRefGroup = 91BCBF212CD94CC7009F117B /* Products */;
			projectDirPath = "";
			projectRoot = "";
			targets = (
				91BCBF1F2CD94CC7009F117B /* REVERSI */,
				91BCBF2F2CD94CC9009F117B /* REVERSITests */,
				91BCBF392CD94CC9009F117B /* REVERSIUITests */,
			);
		};
/* End PBXProject section */

/* Begin PBXResourcesBuildPhase section */
		91BCBF1E2CD94CC7009F117B /* Resources */ = {
			isa = PBXResourcesBuildPhase;
			buildActionMask = 2147483647;
			files = (
			);
			runOnlyForDeploymentPostprocessing = 0;
		};
		91BCBF2E2CD94CC9009F117B /* Resources */ = {
			isa = PBXResourcesBuildPhase;
			buildActionMask = 2147483647;
			files = (
			);
			runOnlyForDeploymentPostprocessing = 0;
		};
		91BCBF382CD94CC9009F117B /* Resources */ = {
			isa = PBXResourcesBuildPhase;
			buildActionMask = 2147483647;
			files = (
			);
			runOnlyForDeploymentPostprocessing = 0;
		};
/* End PBXResourcesBuildPhase section */

/* Begin PBXSourcesBuildPhase section */
		91BCBF1C2CD94CC7009F117B /* Sources */ = {
			isa = PBXSourcesBuildPhase;
			buildActionMask = 2147483647;
			files = (
			);
			runOnlyForDeploymentPostprocessing = 0;
		};
		91BCBF2C2CD94CC9009F117B /* Sources */ = {
			isa = PBXSourcesBuildPhase;
			buildActionMask = 2147483647;
			files = (
			);
			runOnlyForDeploymentPostprocessing = 0;
		};
		91BCBF362CD94CC9009F117B /* Sources */ = {
			isa = PBXSourcesBuildPhase;
			buildActionMask = 2147483647;
			files = (
			);
			runOnlyForDeploymentPostprocessing = 0;
		};
/* End PBXSourcesBuildPhase section */

/* Begin PBXTargetDependency section */
		91BCBF322CD94CC9009F117B /* PBXTargetDependency */ = {
			isa = PBXTargetDependency;
			target = 91BCBF1F2CD94CC7009F117B /* REVERSI */;
			targetProxy = 91BCBF312CD94CC9009F117B /* PBXContainerItemProxy */;
		};
		91BCBF3C2CD94CC9009F117B /* PBXTargetDependency */ = {
			isa = PBXTargetDependency;
			target = 91BCBF1F2CD94CC7009F117B /* REVERSI */;
			targetProxy = 91BCBF3B2CD94CC9009F117B /* PBXContainerItemProxy */;
		};
/* End PBXTargetDependency section */

/* Begin XCBuildConfiguration section */
		91BCBF422CD94CC9009F117B /* Debug */ = {
			isa = XCBuildConfiguration;
			buildSettings = {
				ALWAYS_SEARCH_USER_PATHS = NO;
				ASSETCATALOG_COMPILER_GENERATE_SWIFT_ASSET_SYMBOL_EXTENSIONS = YES;
				CLANG_ANALYZER_NONNULL = YES;
				CLANG_ANALYZER_NUMBER_OBJECT_CONVERSION = YES_AGGRESSIVE;
				CLANG_CXX_LANGUAGE_STANDARD = "gnu++20";
				CLANG_ENABLE_MODULES = YES;
				CLANG_ENABLE_OBJC_ARC = YES;
				CLANG_ENABLE_OBJC_WEAK = YES;
				CLANG_WARN_BLOCK_CAPTURE_AUTORELEASING = YES;
				CLANG_WARN_BOOL_CONVERSION = YES;
				CLANG_WARN_COMMA = YES;
				CLANG_WARN_CONSTANT_CONVERSION = YES;
				CLANG_WARN_DEPRECATED_OBJC_IMPLEMENTATIONS = YES;
				CLANG_WARN_DIRECT_OBJC_ISA_USAGE = YES_ERROR;
				CLANG_WARN_DOCUMENTATION_COMMENTS = YES;
				CLANG_WARN_EMPTY_BODY = YES;
				CLANG_WARN_ENUM_CONVERSION = YES;
				CLANG_WARN_INFINITE_RECURSION = YES;
				CLANG_WARN_INT_CONVERSION = YES;
				CLANG_WARN_NON_LITERAL_NULL_CONVERSION = YES;
				CLANG_WARN_OBJC_IMPLICIT_RETAIN_SELF = YES;
				CLANG_WARN_OBJC_LITERAL_CONVERSION = YES;
				CLANG_WARN_OBJC_ROOT_CLASS = YES_ERROR;
				CLANG_WARN_QUOTED_INCLUDE_IN_FRAMEWORK_HEADER = YES;
				CLANG_WARN_RANGE_LOOP_ANALYSIS = YES;
				CLANG_WARN_STRICT_PROTOTYPES = YES;
				CLANG_WARN_SUSPICIOUS_MOVE = YES;
				CLANG_WARN_UNGUARDED_AVAILABILITY = YES_AGGRESSIVE;
				CLANG_WARN_UNREACHABLE_CODE = YES;
				CLANG_WARN__DUPLICATE_METHOD_MATCH = YES;
				COPY_PHASE_STRIP = NO;
				DEBUG_INFORMATION_FORMAT = dwarf;
				ENABLE_STRICT_OBJC_MSGSEND = YES;
				ENABLE_TESTABILITY = YES;
				ENABLE_USER_SCRIPT_SANDBOXING = YES;
				GCC_C_LANGUAGE_STANDARD = gnu17;
				GCC_DYNAMIC_NO_PIC = NO;
				GCC_NO_COMMON_BLOCKS = YES;
				GCC_OPTIMIZATION_LEVEL = 0;
				GCC_PREPROCESSOR_DEFINITIONS = (
					"DEBUG=1",
					"$(inherited)",
				);
				GCC_WARN_64_TO_32_BIT_CONVERSION = YES;
				GCC_WARN_ABOUT_RETURN_TYPE = YES_ERROR;
				GCC_WARN_UNDECLARED_SELECTOR = YES;
				GCC_WARN_UNINITIALIZED_AUTOS = YES_AGGRESSIVE;
				GCC_WARN_UNUSED_FUNCTION = YES;
				GCC_WARN_UNUSED_VARIABLE = YES;
				IPHONEOS_DEPLOYMENT_TARGET = 18.0;
				LOCALIZATION_PREFERS_STRING_CATALOGS = YES;
				MTL_ENABLE_DEBUG_INFO = INCLUDE_SOURCE;
				MTL_FAST_MATH = YES;
				ONLY_ACTIVE_ARCH = YES;
				SDKROOT = iphoneos;
				SWIFT_ACTIVE_COMPILATION_CONDITIONS = "DEBUG $(inherited)";
				SWIFT_OPTIMIZATION_LEVEL = "-Onone";
			};
			name = Debug;
		};
		91BCBF432CD94CC9009F117B /* Release */ = {
			isa = XCBuildConfiguration;
			buildSettings = {
				ALWAYS_SEARCH_USER_PATHS = NO;
				ASSETCATALOG_COMPILER_GENERATE_SWIFT_ASSET_SYMBOL_EXTENSIONS = YES;
				CLANG_ANALYZER_NONNULL = YES;
				CLANG_ANALYZER_NUMBER_OBJECT_CONVERSION = YES_AGGRESSIVE;
				CLANG_CXX_LANGUAGE_STANDARD = "gnu++20";
				CLANG_ENABLE_MODULES = YES;
				CLANG_ENABLE_OBJC_ARC = YES;
				CLANG_ENABLE_OBJC_WEAK = YES;
				CLANG_WARN_BLOCK_CAPTURE_AUTORELEASING = YES;
				CLANG_WARN_BOOL_CONVERSION = YES;
				CLANG_WARN_COMMA = YES;
				CLANG_WARN_CONSTANT_CONVERSION = YES;
				CLANG_WARN_DEPRECATED_OBJC_IMPLEMENTATIONS = YES;
				CLANG_WARN_DIRECT_OBJC_ISA_USAGE = YES_ERROR;
				CLANG_WARN_DOCUMENTATION_COMMENTS = YES;
				CLANG_WARN_EMPTY_BODY = YES;
				CLANG_WARN_ENUM_CONVERSION = YES;
				CLANG_WARN_INFINITE_RECURSION = YES;
				CLANG_WARN_INT_CONVERSION = YES;
				CLANG_WARN_NON_LITERAL_NULL_CONVERSION = YES;
				CLANG_WARN_OBJC_IMPLICIT_RETAIN_SELF = YES;
				CLANG_WARN_OBJC_LITERAL_CONVERSION = YES;
				CLANG_WARN_OBJC_ROOT_CLASS = YES_ERROR;
				CLANG_WARN_QUOTED_INCLUDE_IN_FRAMEWORK_HEADER = YES;
				CLANG_WARN_RANGE_LOOP_ANALYSIS = YES;
				CLANG_WARN_STRICT_PROTOTYPES = YES;
				CLANG_WARN_SUSPICIOUS_MOVE = YES;
				CLANG_WARN_UNGUARDED_AVAILABILITY = YES_AGGRESSIVE;
				CLANG_WARN_UNREACHABLE_CODE = YES;
				CLANG_WARN__DUPLICATE_METHOD_MATCH = YES;
				COPY_PHASE_STRIP = NO;
				DEBUG_INFORMATION_FORMAT = "dwarf-with-dsym";
				ENABLE_NS_ASSERTIONS = NO;
				ENABLE_STRICT_OBJC_MSGSEND = YES;
				ENABLE_USER_SCRIPT_SANDBOXING = YES;
				GCC_C_LANGUAGE_STANDARD = gnu17;
				GCC_NO_COMMON_BLOCKS = YES;
				GCC_WARN_64_TO_32_BIT_CONVERSION = YES;
				GCC_WARN_ABOUT_RETURN_TYPE = YES_ERROR;
				GCC_WARN_UNDECLARED_SELECTOR = YES;
				GCC_WARN_UNINITIALIZED_AUTOS = YES_AGGRESSIVE;
				GCC_WARN_UNUSED_FUNCTION = YES;
				GCC_WARN_UNUSED_VARIABLE = YES;
				IPHONEOS_DEPLOYMENT_TARGET = 18.0;
				LOCALIZATION_PREFERS_STRING_CATALOGS = YES;
				MTL_ENABLE_DEBUG_INFO = NO;
				MTL_FAST_MATH = YES;
				SDKROOT = iphoneos;
				SWIFT_COMPILATION_MODE = wholemodule;
				VALIDATE_PRODUCT = YES;
			};
			name = Release;
		};
		91BCBF452CD94CC9009F117B /* Debug */ = {
			isa = XCBuildConfiguration;
			buildSettings = {
				ASSETCATALOG_COMPILER_APPICON_NAME = AppIcon;
				ASSETCATALOG_COMPILER_GLOBAL_ACCENT_COLOR_NAME = AccentColor;
				CODE_SIGN_STYLE = Automatic;
				CURRENT_PROJECT_VERSION = 1;
				DEVELOPMENT_ASSET_PATHS = "\"REVERSI/Preview Content\"";
				ENABLE_PREVIEWS = YES;
				GENERATE_INFOPLIST_FILE = YES;
				INFOPLIST_KEY_UIApplicationSceneManifest_Generation = YES;
				INFOPLIST_KEY_UIApplicationSupportsIndirectInputEvents = YES;
				INFOPLIST_KEY_UILaunchScreen_Generation = YES;
				INFOPLIST_KEY_UISupportedInterfaceOrientations_iPad = "UIInterfaceOrientationPortrait UIInterfaceOrientationPortraitUpsideDown UIInterfaceOrientationLandscapeLeft UIInterfaceOrientationLandscapeRight";
				INFOPLIST_KEY_UISupportedInterfaceOrientations_iPhone = "UIInterfaceOrientationPortrait UIInterfaceOrientationLandscapeLeft UIInterfaceOrientationLandscapeRight";
				LD_RUNPATH_SEARCH_PATHS = (
					"$(inherited)",
					"@executable_path/Frameworks",
				);
				MARKETING_VERSION = 1.0;
				PRODUCT_BUNDLE_IDENTIFIER = first.REVERSI;
				PRODUCT_NAME = "$(TARGET_NAME)";
				SWIFT_EMIT_LOC_STRINGS = YES;
				SWIFT_VERSION = 5.0;
				TARGETED_DEVICE_FAMILY = "1,2";
			};
			name = Debug;
		};
		91BCBF462CD94CC9009F117B /* Release */ = {
			isa = XCBuildConfiguration;
			buildSettings = {
				ASSETCATALOG_COMPILER_APPICON_NAME = AppIcon;
				ASSETCATALOG_COMPILER_GLOBAL_ACCENT_COLOR_NAME = AccentColor;
				CODE_SIGN_STYLE = Automatic;
				CURRENT_PROJECT_VERSION = 1;
				DEVELOPMENT_ASSET_PATHS = "\"REVERSI/Preview Content\"";
				ENABLE_PREVIEWS = YES;
				GENERATE_INFOPLIST_FILE = YES;
				INFOPLIST_KEY_UIApplicationSceneManifest_Generation = YES;
				INFOPLIST_KEY_UIApplicationSupportsIndirectInputEvents = YES;
				INFOPLIST_KEY_UILaunchScreen_Generation = YES;
				INFOPLIST_KEY_UISupportedInterfaceOrientations_iPad = "UIInterfaceOrientationPortrait UIInterfaceOrientationPortraitUpsideDown UIInterfaceOrientationLandscapeLeft UIInterfaceOrientationLandscapeRight";
				INFOPLIST_KEY_UISupportedInterfaceOrientations_iPhone = "UIInterfaceOrientationPortrait UIInterfaceOrientationLandscapeLeft UIInterfaceOrientationLandscapeRight";
				LD_RUNPATH_SEARCH_PATHS = (
					"$(inherited)",
					"@executable_path/Frameworks",
				);
				MARKETING_VERSION = 1.0;
				PRODUCT_BUNDLE_IDENTIFIER = first.REVERSI;
				PRODUCT_NAME = "$(TARGET_NAME)";
				SWIFT_EMIT_LOC_STRINGS = YES;
				SWIFT_VERSION = 5.0;
				TARGETED_DEVICE_FAMILY = "1,2";
			};
			name = Release;
		};
		91BCBF482CD94CC9009F117B /* Debug */ = {
			isa = XCBuildConfiguration;
			buildSettings = {
				BUNDLE_LOADER = "$(TEST_HOST)";
				CODE_SIGN_STYLE = Automatic;
				CURRENT_PROJECT_VERSION = 1;
				GENERATE_INFOPLIST_FILE = YES;
				IPHONEOS_DEPLOYMENT_TARGET = 18.0;
				MARKETING_VERSION = 1.0;
				PRODUCT_BUNDLE_IDENTIFIER = first.REVERSITests;
				PRODUCT_NAME = "$(TARGET_NAME)";
				SWIFT_EMIT_LOC_STRINGS = NO;
				SWIFT_VERSION = 5.0;
				TARGETED_DEVICE_FAMILY = "1,2";
				TEST_HOST = "$(BUILT_PRODUCTS_DIR)/REVERSI.app/$(BUNDLE_EXECUTABLE_FOLDER_PATH)/REVERSI";
			};
			name = Debug;
		};
		91BCBF492CD94CC9009F117B /* Release */ = {
			isa = XCBuildConfiguration;
			buildSettings = {
				BUNDLE_LOADER = "$(TEST_HOST)";
				CODE_SIGN_STYLE = Automatic;
				CURRENT_PROJECT_VERSION = 1;
				GENERATE_INFOPLIST_FILE = YES;
				IPHONEOS_DEPLOYMENT_TARGET = 18.0;
				MARKETING_VERSION = 1.0;
				PRODUCT_BUNDLE_IDENTIFIER = first.REVERSITests;
				PRODUCT_NAME = "$(TARGET_NAME)";
				SWIFT_EMIT_LOC_STRINGS = NO;
				SWIFT_VERSION = 5.0;
				TARGETED_DEVICE_FAMILY = "1,2";
				TEST_HOST = "$(BUILT_PRODUCTS_DIR)/REVERSI.app/$(BUNDLE_EXECUTABLE_FOLDER_PATH)/REVERSI";
			};
			name = Release;
		};
		91BCBF4B2CD94CC9009F117B /* Debug */ = {
			isa = XCBuildConfiguration;
			buildSettings = {
				CODE_SIGN_STYLE = Automatic;
				CURRENT_PROJECT_VERSION = 1;
				GENERATE_INFOPLIST_FILE = YES;
				MARKETING_VERSION = 1.0;
				PRODUCT_BUNDLE_IDENTIFIER = first.REVERSIUITests;
				PRODUCT_NAME = "$(TARGET_NAME)";
				SWIFT_EMIT_LOC_STRINGS = NO;
				SWIFT_VERSION = 5.0;
				TARGETED_DEVICE_FAMILY = "1,2";
				TEST_TARGET_NAME = REVERSI;
			};
			name = Debug;
		};
		91BCBF4C2CD94CC9009F117B /* Release */ = {
			isa = XCBuildConfiguration;
			buildSettings = {
				CODE_SIGN_STYLE = Automatic;
				CURRENT_PROJECT_VERSION = 1;
				GENERATE_INFOPLIST_FILE = YES;
				MARKETING_VERSION = 1.0;
				PRODUCT_BUNDLE_IDENTIFIER = first.REVERSIUITests;
				PRODUCT_NAME = "$(TARGET_NAME)";
				SWIFT_EMIT_LOC_STRINGS = NO;
				SWIFT_VERSION = 5.0;
				TARGETED_DEVICE_FAMILY = "1,2";
				TEST_TARGET_NAME = REVERSI;
			};
			name = Release;
		};
/* End XCBuildConfiguration section */

/* Begin XCConfigurationList section */
		91BCBF1B2CD94CC7009F117B /* Build configuration list for PBXProject "REVERSI" */ = {
			isa = XCConfigurationList;
			buildConfigurations = (
				91BCBF422CD94CC9009F117B /* Debug */,
				91BCBF432CD94CC9009F117B /* Release */,
			);
			defaultConfigurationIsVisible = 0;
			defaultConfigurationName = Release;
		};
		91BCBF442CD94CC9009F117B /* Build configuration list for PBXNativeTarget "REVERSI" */ = {
			isa = XCConfigurationList;
			buildConfigurations = (
				91BCBF452CD94CC9009F117B /* Debug */,
				91BCBF462CD94CC9009F117B /* Release */,
			);
			defaultConfigurationIsVisible = 0;
			defaultConfigurationName = Release;
		};
		91BCBF472CD94CC9009F117B /* Build configuration list for PBXNativeTarget "REVERSITests" */ = {
			isa = XCConfigurationList;
			buildConfigurations = (
				91BCBF482CD94CC9009F117B /* Debug */,
				91BCBF492CD94CC9009F117B /* Release */,
			);
			defaultConfigurationIsVisible = 0;
			defaultConfigurationName = Release;
		};
		91BCBF4A2CD94CC9009F117B /* Build configuration list for PBXNativeTarget "REVERSIUITests" */ = {
			isa = XCConfigurationList;
			buildConfigurations = (
				91BCBF4B2CD94CC9009F117B /* Debug */,
				91BCBF4C2CD94CC9009F117B /* Release */,
			);
			defaultConfigurationIsVisible = 0;
			defaultConfigurationName = Release;
		};
/* End XCConfigurationList section */
	};
	rootObject = 91BCBF182CD94CC7009F117B /* Project object */;
}
